
Microsoft Visual Studio Solution File, Format Version 12.00
# Visual Studio 15
VisualStudioVersion = 15.0.33423.255
MinimumVisualStudioVersion = 10.0.40219.1
Project("{FAE04EC0-301F-11D3-BF4B-00C04F79EFBC}") = "tess", "tess\tess.csproj", "{6386860D-D75B-44B4-98AE-0A1E4EC83998}"
EndProject
Global
	GlobalSection(SolutionConfigurationPlatforms) = preSolution
		Debug|Any CPU = Debug|Any CPU
		Release|Any CPU = Release|Any CPU
	EndGlobalSection
	GlobalSection(ProjectConfigurationPlatforms) = postSolution
		{6386860D-D75B-44B4-98AE-0A1E4EC83998}.Debug|Any CPU.ActiveCfg = Debug|Any CPU
		{6386860D-D75B-44B4-98AE-0A1E4EC83998}.Debug|Any CPU.Build.0 = Debug|Any CPU
		{6386860D-D75B-44B4-98AE-0A1E4EC83998}.Release|Any CPU.ActiveCfg = Release|Any CPU
		{6386860D-D75B-44B4-98AE-0A1E4EC83998}.Release|Any CPU.Build.0 = Release|Any CPU
	EndGlobalSection
	GlobalSection(SolutionProperties) = preSolution
		HideSolutionNode = FALSE
	EndGlobalSection
	GlobalSection(ExtensibilityGlobals) = postSolution
		SolutionGuid = {3CE1E4E6-8EBE-4C5E-9E52-0D7B6932E330}
	EndGlobalSection
EndGlobal
